
Microsoft Visual Studio Solution File, Format Version 12.00
# Visual Studio Version 17
VisualStudioVersion = 17.11.35312.102
MinimumVisualStudioVersion = 10.0.40219.1
Project("{FAE04EC0-301F-11D3-BF4B-00C04F79EFBC}") = "TcpServer", "TcpServer\TcpServer.csproj", "{92FEBEFB-A4F9-4DDF-A968-70E19CA62193}"
EndProject
Global
	GlobalSection(SolutionConfigurationPlatforms) = preSolution
		Debug|Any CPU = Debug|Any CPU
		Release|Any CPU = Release|Any CPU
	EndGlobalSection
	GlobalSection(ProjectConfigurationPlatforms) = postSolution
		{92FEBEFB-A4F9-4DDF-A968-70E19CA62193}.Debug|Any CPU.ActiveCfg = Debug|Any CPU
		{92FEBEFB-A4F9-4DDF-A968-70E19CA62193}.Debug|Any CPU.Build.0 = Debug|Any CPU
		{92FEBEFB-A4F9-4DDF-A968-70E19CA62193}.Release|Any CPU.ActiveCfg = Release|Any CPU
		{92FEBEFB-A4F9-4DDF-A968-70E19CA62193}.Release|Any CPU.Build.0 = Release|Any CPU
	EndGlobalSection
	GlobalSection(SolutionProperties) = preSolution
		HideSolutionNode = FALSE
	EndGlobalSection
	GlobalSection(ExtensibilityGlobals) = postSolution
		SolutionGuid = {258121C5-2A49-4D6F-B921-9889EBA68FD5}
	EndGlobalSection
EndGlobal
